
Microsoft Visual Studio Solution File, Format Version 12.00
# Visual Studio 15
VisualStudioVersion = 15.0.28307.421
MinimumVisualStudioVersion = 10.0.40219.1
Project("{FAE04EC0-301F-11D3-BF4B-00C04F79EFBC}") = "四则运算", "四则运算\四则运算.csproj", "{785C45BC-00EE-4621-86A3-40961BA2ADB1}"
EndProject
Global
	GlobalSection(SolutionConfigurationPlatforms) = preSolution
		Debug|Any CPU = Debug|Any CPU
		Release|Any CPU = Release|Any CPU
	EndGlobalSection
	GlobalSection(ProjectConfigurationPlatforms) = postSolution
		{785C45BC-00EE-4621-86A3-40961BA2ADB1}.Debug|Any CPU.ActiveCfg = Debug|Any CPU
		{785C45BC-00EE-4621-86A3-40961BA2ADB1}.Debug|Any CPU.Build.0 = Debug|Any CPU
		{785C45BC-00EE-4621-86A3-40961BA2ADB1}.Release|Any CPU.ActiveCfg = Release|Any CPU
		{785C45BC-00EE-4621-86A3-40961BA2ADB1}.Release|Any CPU.Build.0 = Release|Any CPU
	EndGlobalSection
	GlobalSection(SolutionProperties) = preSolution
		HideSolutionNode = FALSE
	EndGlobalSection
	GlobalSection(ExtensibilityGlobals) = postSolution
		SolutionGuid = {D81AA18C-7E23-46FF-8646-2CE9F33AF9AF}
	EndGlobalSection
EndGlobal
